
Microsoft Visual Studio Solution File, Format Version 12.00
# Visual Studio Version 17
VisualStudioVersion = 17.7.34024.191
MinimumVisualStudioVersion = 10.0.40219.1
Project("{FAE04EC0-301F-11D3-BF4B-00C04F79EFBC}") = "exo1", "exo1\exo1.csproj", "{AF274852-99E2-4D94-A808-843F2D1E3E97}"
EndProject
Global
	GlobalSection(SolutionConfigurationPlatforms) = preSolution
		Debug|Any CPU = Debug|Any CPU
		Release|Any CPU = Release|Any CPU
	EndGlobalSection
	GlobalSection(ProjectConfigurationPlatforms) = postSolution
		{AF274852-99E2-4D94-A808-843F2D1E3E97}.Debug|Any CPU.ActiveCfg = Debug|Any CPU
		{AF274852-99E2-4D94-A808-843F2D1E3E97}.Debug|Any CPU.Build.0 = Debug|Any CPU
		{AF274852-99E2-4D94-A808-843F2D1E3E97}.Release|Any CPU.ActiveCfg = Release|Any CPU
		{AF274852-99E2-4D94-A808-843F2D1E3E97}.Release|Any CPU.Build.0 = Release|Any CPU
	EndGlobalSection
	GlobalSection(SolutionProperties) = preSolution
		HideSolutionNode = FALSE
	EndGlobalSection
	GlobalSection(ExtensibilityGlobals) = postSolution
		SolutionGuid = {CF7A2162-6E57-4A31-951A-7B776D002938}
	EndGlobalSection
EndGlobal
